// !$*UTF8*$!
{
	archiveVersion = 1;
	classes = {
	};
	objectVersion = 56;
	objects = {

/* Begin PBXBuildFile section */
		0B45222829865F78000EC56B /* AppDelegate.swift in Sources */ = {isa = PBXBuildFile; fileRef = 0B45222729865F78000EC56B /* AppDelegate.swift */; };
		0B45222A29865F78000EC56B /* SceneDelegate.swift in Sources */ = {isa = PBXBuildFile; fileRef = 0B45222929865F78000EC56B /* SceneDelegate.swift */; };
		0B45222C29865F78000EC56B /* APChatViewController.swift in Sources */ = {isa = PBXBuildFile; fileRef = 0B45222B29865F78000EC56B /* APChatViewController.swift */; };
		0B45222F29865F78000EC56B /* Main.storyboard in Resources */ = {isa = PBXBuildFile; fileRef = 0B45222D29865F78000EC56B /* Main.storyboard */; };
		0B45223129865F7B000EC56B /* Assets.xcassets in Resources */ = {isa = PBXBuildFile; fileRef = 0B45223029865F7B000EC56B /* Assets.xcassets */; };
		0B45223429865F7B000EC56B /* LaunchScreen.storyboard in Resources */ = {isa = PBXBuildFile; fileRef = 0B45223229865F7B000EC56B /* LaunchScreen.storyboard */; };
		0B45223F29865F7C000EC56B /* ChatGPTTests.swift in Sources */ = {isa = PBXBuildFile; fileRef = 0B45223E29865F7C000EC56B /* ChatGPTTests.swift */; };
		0B45224929865F7C000EC56B /* ChatGPTUITests.swift in Sources */ = {isa = PBXBuildFile; fileRef = 0B45224829865F7C000EC56B /* ChatGPTUITests.swift */; };
		0B45224B29865F7C000EC56B /* ChatGPTUITestsLaunchTests.swift in Sources */ = {isa = PBXBuildFile; fileRef = 0B45224A29865F7C000EC56B /* ChatGPTUITestsLaunchTests.swift */; };
		0B452259298683C3000EC56B /* APGPTModel.swift in Sources */ = {isa = PBXBuildFile; fileRef = 0B452258298683C3000EC56B /* APGPTModel.swift */; };
		0B452263298685F9000EC56B /* APExtension+UITableViewCell.swift in Sources */ = {isa = PBXBuildFile; fileRef = 0B452262298685F9000EC56B /* APExtension+UITableViewCell.swift */; };
		0B45226629868695000EC56B /* APChatModel.swift in Sources */ = {isa = PBXBuildFile; fileRef = 0B45226529868695000EC56B /* APChatModel.swift */; };
		0B45226929868C17000EC56B /* CustomChatCellLayout.swift in Sources */ = {isa = PBXBuildFile; fileRef = 0B45226729868C17000EC56B /* CustomChatCellLayout.swift */; };
		0B45226A29868C17000EC56B /* CustomChatCell.swift in Sources */ = {isa = PBXBuildFile; fileRef = 0B45226829868C17000EC56B /* CustomChatCell.swift */; };
		320CE7B5D45833462B5452C6 /* Pods_ChatGPTTests.framework in Frameworks */ = {isa = PBXBuildFile; fileRef = 8093FF545C6C46BCD2C0B1F3 /* Pods_ChatGPTTests.framework */; };
		639BDA27EB81CB6B28D82FEF /* Pods_ChatGPT.framework in Frameworks */ = {isa = PBXBuildFile; fileRef = 4607E92E63998AC7BD6E44D5 /* Pods_ChatGPT.framework */; };
		88579D83CAC2ABA4EC8177B3 /* Pods_ChatGPT_ChatGPTUITests.framework in Frameworks */ = {isa = PBXBuildFile; fileRef = 170E208532C8AA56C12FF498 /* Pods_ChatGPT_ChatGPTUITests.framework */; };
/* End PBXBuildFile section */

/* Begin PBXContainerItemProxy section */
		0B45223B29865F7C000EC56B /* PBXContainerItemProxy */ = {
			isa = PBXContainerItemProxy;
			containerPortal = 0B45221C29865F78000EC56B /* Project object */;
			proxyType = 1;
			remoteGlobalIDString = 0B45222329865F78000EC56B;
			remoteInfo = ChatGPT;
		};
		0B45224529865F7C000EC56B /* PBXContainerItemProxy */ = {
			isa = PBXContainerItemProxy;
			containerPortal = 0B45221C29865F78000EC56B /* Project object */;
			proxyType = 1;
			remoteGlobalIDString = 0B45222329865F78000EC56B;
			remoteInfo = ChatGPT;
		};
/* End PBXContainerItemProxy section */

/* Begin PBXFileReference section */
		0B45222429865F78000EC56B /* ChatGPT.app */ = {isa = PBXFileReference; explicitFileType = wrapper.application; includeInIndex = 0; path = ChatGPT.app; sourceTree = BUILT_PRODUCTS_DIR; };
		0B45222729865F78000EC56B /* AppDelegate.swift */ = {isa = PBXFileReference; lastKnownFileType = sourcecode.swift; path = AppDelegate.swift; sourceTree = "<group>"; };
		0B45222929865F78000EC56B /* SceneDelegate.swift */ = {isa = PBXFileReference; lastKnownFileType = sourcecode.swift; path = SceneDelegate.swift; sourceTree = "<group>"; };
		0B45222B29865F78000EC56B /* APChatViewController.swift */ = {isa = PBXFileReference; lastKnownFileType = sourcecode.swift; path = APChatViewController.swift; sourceTree = "<group>"; };
		0B45222E29865F78000EC56B /* Base */ = {isa = PBXFileReference; lastKnownFileType = file.storyboard; name = Base; path = Base.lproj/Main.storyboard; sourceTree = "<group>"; };
		0B45223029865F7B000EC56B /* Assets.xcassets */ = {isa = PBXFileReference; lastKnownFileType = folder.assetcatalog; path = Assets.xcassets; sourceTree = "<group>"; };
		0B45223329865F7B000EC56B /* Base */ = {isa = PBXFileReference; lastKnownFileType = file.storyboard; name = Base; path = Base.lproj/LaunchScreen.storyboard; sourceTree = "<group>"; };
		0B45223529865F7B000EC56B /* Info.plist */ = {isa = PBXFileReference; lastKnownFileType = text.plist.xml; path = Info.plist; sourceTree = "<group>"; };
		0B45223A29865F7C000EC56B /* ChatGPTTests.xctest */ = {isa = PBXFileReference; explicitFileType = wrapper.cfbundle; includeInIndex = 0; path = ChatGPTTests.xctest; sourceTree = BUILT_PRODUCTS_DIR; };
		0B45223E29865F7C000EC56B /* ChatGPTTests.swift */ = {isa = PBXFileReference; lastKnownFileType = sourcecode.swift; path = ChatGPTTests.swift; sourceTree = "<group>"; };
		0B45224429865F7C000EC56B /* ChatGPTUITests.xctest */ = {isa = PBXFileReference; explicitFileType = wrapper.cfbundle; includeInIndex = 0; path = ChatGPTUITests.xctest; sourceTree = BUILT_PRODUCTS_DIR; };
		0B45224829865F7C000EC56B /* ChatGPTUITests.swift */ = {isa = PBXFileReference; lastKnownFileType = sourcecode.swift; path = ChatGPTUITests.swift; sourceTree = "<group>"; };
		0B45224A29865F7C000EC56B /* ChatGPTUITestsLaunchTests.swift */ = {isa = PBXFileReference; lastKnownFileType = sourcecode.swift; path = ChatGPTUITestsLaunchTests.swift; sourceTree = "<group>"; };
		0B452258298683C3000EC56B /* APGPTModel.swift */ = {isa = PBXFileReference; lastKnownFileType = sourcecode.swift; path = APGPTModel.swift; sourceTree = "<group>"; };
		0B452262298685F9000EC56B /* APExtension+UITableViewCell.swift */ = {isa = PBXFileReference; fileEncoding = 4; lastKnownFileType = sourcecode.swift; path = "APExtension+UITableViewCell.swift"; sourceTree = "<group>"; };
		0B45226529868695000EC56B /* APChatModel.swift */ = {isa = PBXFileReference; lastKnownFileType = sourcecode.swift; path = APChatModel.swift; sourceTree = "<group>"; };
		0B45226729868C17000EC56B /* CustomChatCellLayout.swift */ = {isa = PBXFileReference; fileEncoding = 4; lastKnownFileType = sourcecode.swift; path = CustomChatCellLayout.swift; sourceTree = "<group>"; };
		0B45226829868C17000EC56B /* CustomChatCell.swift */ = {isa = PBXFileReference; fileEncoding = 4; lastKnownFileType = sourcecode.swift; path = CustomChatCell.swift; sourceTree = "<group>"; };
		170E208532C8AA56C12FF498 /* Pods_ChatGPT_ChatGPTUITests.framework */ = {isa = PBXFileReference; explicitFileType = wrapper.framework; includeInIndex = 0; path = Pods_ChatGPT_ChatGPTUITests.framework; sourceTree = BUILT_PRODUCTS_DIR; };
		17F45759A9817937CFDE648D /* Pods-ChatGPTTests.release.xcconfig */ = {isa = PBXFileReference; includeInIndex = 1; lastKnownFileType = text.xcconfig; name = "Pods-ChatGPTTests.release.xcconfig"; path = "Target Support Files/Pods-ChatGPTTests/Pods-ChatGPTTests.release.xcconfig"; sourceTree = "<group>"; };
		4607E92E63998AC7BD6E44D5 /* Pods_ChatGPT.framework */ = {isa = PBXFileReference; explicitFileType = wrapper.framework; includeInIndex = 0; path = Pods_ChatGPT.framework; sourceTree = BUILT_PRODUCTS_DIR; };
		5C85BE4A3A6E143F66629E67 /* Pods-ChatGPT-ChatGPTUITests.release.xcconfig */ = {isa = PBXFileReference; includeInIndex = 1; lastKnownFileType = text.xcconfig; name = "Pods-ChatGPT-ChatGPTUITests.release.xcconfig"; path = "Target Support Files/Pods-ChatGPT-ChatGPTUITests/Pods-ChatGPT-ChatGPTUITests.release.xcconfig"; sourceTree = "<group>"; };
		6507D94878D14F5341B67536 /* Pods-ChatGPT-ChatGPTUITests.debug.xcconfig */ = {isa = PBXFileReference; includeInIndex = 1; lastKnownFileType = text.xcconfig; name = "Pods-ChatGPT-ChatGPTUITests.debug.xcconfig"; path = "Target Support Files/Pods-ChatGPT-ChatGPTUITests/Pods-ChatGPT-ChatGPTUITests.debug.xcconfig"; sourceTree = "<group>"; };
		8093FF545C6C46BCD2C0B1F3 /* Pods_ChatGPTTests.framework */ = {isa = PBXFileReference; explicitFileType = wrapper.framework; includeInIndex = 0; path = Pods_ChatGPTTests.framework; sourceTree = BUILT_PRODUCTS_DIR; };
		A96F51EC0E81D4323A802A60 /* Pods-ChatGPT.release.xcconfig */ = {isa = PBXFileReference; includeInIndex = 1; lastKnownFileType = text.xcconfig; name = "Pods-ChatGPT.release.xcconfig"; path = "Target Support Files/Pods-ChatGPT/Pods-ChatGPT.release.xcconfig"; sourceTree = "<group>"; };
		D6EDD7B8C3870B56F0B10720 /* Pods-ChatGPTTests.debug.xcconfig */ = {isa = PBXFileReference; includeInIndex = 1; lastKnownFileType = text.xcconfig; name = "Pods-ChatGPTTests.debug.xcconfig"; path = "Target Support Files/Pods-ChatGPTTests/Pods-ChatGPTTests.debug.xcconfig"; sourceTree = "<group>"; };
		E998EB68174ADC4931FE74E4 /* Pods-ChatGPT.debug.xcconfig */ = {isa = PBXFileReference; includeInIndex = 1; lastKnownFileType = text.xcconfig; name = "Pods-ChatGPT.debug.xcconfig"; path = "Target Support Files/Pods-ChatGPT/Pods-ChatGPT.debug.xcconfig"; sourceTree = "<group>"; };
/* End PBXFileReference section */

/* Begin PBXFrameworksBuildPhase section */
		0B45222129865F78000EC56B /* Frameworks */ = {
			isa = PBXFrameworksBuildPhase;
			buildActionMask = 2147483647;
			files = (
				639BDA27EB81CB6B28D82FEF /* Pods_ChatGPT.framework in Frameworks */,
			);
			runOnlyForDeploymentPostprocessing = 0;
		};
		0B45223729865F7C000EC56B /* Frameworks */ = {
			isa = PBXFrameworksBuildPhase;
			buildActionMask = 2147483647;
			files = (
				320CE7B5D45833462B5452C6 /* Pods_ChatGPTTests.framework in Frameworks */,
			);
			runOnlyForDeploymentPostprocessing = 0;
		};
		0B45224129865F7C000EC56B /* Frameworks */ = {
			isa = PBXFrameworksBuildPhase;
			buildActionMask = 2147483647;
			files = (
				88579D83CAC2ABA4EC8177B3 /* Pods_ChatGPT_ChatGPTUITests.framework in Frameworks */,
			);
			runOnlyForDeploymentPostprocessing = 0;
		};
/* End PBXFrameworksBuildPhase section */

/* Begin PBXGroup section */
		0B45221B29865F78000EC56B = {
			isa = PBXGroup;
			children = (
				0B45222629865F78000EC56B /* ChatGPT */,
				0B45223D29865F7C000EC56B /* ChatGPTTests */,
				0B45224729865F7C000EC56B /* ChatGPTUITests */,
				0B45222529865F78000EC56B /* Products */,
				31100613A675167CF5BA9C4A /* Pods */,
				1094E5B405B7725403D01B3A /* Frameworks */,
			);
			sourceTree = "<group>";
		};
		0B45222529865F78000EC56B /* Products */ = {
			isa = PBXGroup;
			children = (
				0B45222429865F78000EC56B /* ChatGPT.app */,
				0B45223A29865F7C000EC56B /* ChatGPTTests.xctest */,
				0B45224429865F7C000EC56B /* ChatGPTUITests.xctest */,
			);
			name = Products;
			sourceTree = "<group>";
		};
		0B45222629865F78000EC56B /* ChatGPT */ = {
			isa = PBXGroup;
			children = (
				0B45225A29868554000EC56B /* AppDelegate */,
				0B452261298685CA000EC56B /* Utils */,
				0B452257298683AD000EC56B /* Model */,
				0B45225B2986855C000EC56B /* PresentationModules */,
				0B45225C29868575000EC56B /* Storyboards */,
				0B45223029865F7B000EC56B /* Assets.xcassets */,
				0B45223529865F7B000EC56B /* Info.plist */,
			);
			path = ChatGPT;
			sourceTree = "<group>";
		};
		0B45223D29865F7C000EC56B /* ChatGPTTests */ = {
			isa = PBXGroup;
			children = (
				0B45223E29865F7C000EC56B /* ChatGPTTests.swift */,
			);
			path = ChatGPTTests;
			sourceTree = "<group>";
		};
		0B45224729865F7C000EC56B /* ChatGPTUITests */ = {
			isa = PBXGroup;
			children = (
				0B45224829865F7C000EC56B /* ChatGPTUITests.swift */,
				0B45224A29865F7C000EC56B /* ChatGPTUITestsLaunchTests.swift */,
			);
			path = ChatGPTUITests;
			sourceTree = "<group>";
		};
		0B452257298683AD000EC56B /* Model */ = {
			isa = PBXGroup;
			children = (
				0B452258298683C3000EC56B /* APGPTModel.swift */,
				0B4522642986867F000EC56B /* Chat */,
			);
			path = Model;
			sourceTree = "<group>";
		};
		0B45225A29868554000EC56B /* AppDelegate */ = {
			isa = PBXGroup;
			children = (
				0B45222729865F78000EC56B /* AppDelegate.swift */,
				0B45222929865F78000EC56B /* SceneDelegate.swift */,
			);
			path = AppDelegate;
			sourceTree = "<group>";
		};
		0B45225B2986855C000EC56B /* PresentationModules */ = {
			isa = PBXGroup;
			children = (
				0B45225D2986858E000EC56B /* HomeModule */,
			);
			path = PresentationModules;
			sourceTree = "<group>";
		};
		0B45225C29868575000EC56B /* Storyboards */ = {
			isa = PBXGroup;
			children = (
				0B45222D29865F78000EC56B /* Main.storyboard */,
				0B45223229865F7B000EC56B /* LaunchScreen.storyboard */,
			);
			path = Storyboards;
			sourceTree = "<group>";
		};
		0B45225D2986858E000EC56B /* HomeModule */ = {
			isa = PBXGroup;
			children = (
				0B452260298685BE000EC56B /* Cells */,
				0B45225F298685A8000EC56B /* ViewModel */,
				0B45225E2986859D000EC56B /* ViewController */,
			);
			path = HomeModule;
			sourceTree = "<group>";
		};
		0B45225E2986859D000EC56B /* ViewController */ = {
			isa = PBXGroup;
			children = (
				0B45222B29865F78000EC56B /* APChatViewController.swift */,
			);
			path = ViewController;
			sourceTree = "<group>";
		};
		0B45225F298685A8000EC56B /* ViewModel */ = {
			isa = PBXGroup;
			children = (
			);
			path = ViewModel;
			sourceTree = "<group>";
		};
		0B452260298685BE000EC56B /* Cells */ = {
			isa = PBXGroup;
			children = (
				0B45226829868C17000EC56B /* CustomChatCell.swift */,
				0B45226729868C17000EC56B /* CustomChatCellLayout.swift */,
			);
			path = Cells;
			sourceTree = "<group>";
		};
		0B452261298685CA000EC56B /* Utils */ = {
			isa = PBXGroup;
			children = (
				0B452262298685F9000EC56B /* APExtension+UITableViewCell.swift */,
			);
			path = Utils;
			sourceTree = "<group>";
		};
		0B4522642986867F000EC56B /* Chat */ = {
			isa = PBXGroup;
			children = (
				0B45226529868695000EC56B /* APChatModel.swift */,
			);
			path = Chat;
			sourceTree = "<group>";
		};
		1094E5B405B7725403D01B3A /* Frameworks */ = {
			isa = PBXGroup;
			children = (
				4607E92E63998AC7BD6E44D5 /* Pods_ChatGPT.framework */,
				170E208532C8AA56C12FF498 /* Pods_ChatGPT_ChatGPTUITests.framework */,
				8093FF545C6C46BCD2C0B1F3 /* Pods_ChatGPTTests.framework */,
			);
			name = Frameworks;
			sourceTree = "<group>";
		};
		31100613A675167CF5BA9C4A /* Pods */ = {
			isa = PBXGroup;
			children = (
				E998EB68174ADC4931FE74E4 /* Pods-ChatGPT.debug.xcconfig */,
				A96F51EC0E81D4323A802A60 /* Pods-ChatGPT.release.xcconfig */,
				6507D94878D14F5341B67536 /* Pods-ChatGPT-ChatGPTUITests.debug.xcconfig */,
				5C85BE4A3A6E143F66629E67 /* Pods-ChatGPT-ChatGPTUITests.release.xcconfig */,
				D6EDD7B8C3870B56F0B10720 /* Pods-ChatGPTTests.debug.xcconfig */,
				17F45759A9817937CFDE648D /* Pods-ChatGPTTests.release.xcconfig */,
			);
			path = Pods;
			sourceTree = "<group>";
		};
/* End PBXGroup section */

/* Begin PBXNativeTarget section */
		0B45222329865F78000EC56B /* ChatGPT */ = {
			isa = PBXNativeTarget;
			buildConfigurationList = 0B45224E29865F7C000EC56B /* Build configuration list for PBXNativeTarget "ChatGPT" */;
			buildPhases = (
				4F86D877AC240F9DE3661AFF /* [CP] Check Pods Manifest.lock */,
				0B45222029865F78000EC56B /* Sources */,
				0B45222129865F78000EC56B /* Frameworks */,
				0B45222229865F78000EC56B /* Resources */,
				CFA584C570EEBDAD47201B82 /* [CP] Embed Pods Frameworks */,
			);
			buildRules = (
			);
			dependencies = (
			);
			name = ChatGPT;
			productName = ChatGPT;
			productReference = 0B45222429865F78000EC56B /* ChatGPT.app */;
			productType = "com.apple.product-type.application";
		};
		0B45223929865F7C000EC56B /* ChatGPTTests */ = {
			isa = PBXNativeTarget;
			buildConfigurationList = 0B45225129865F7C000EC56B /* Build configuration list for PBXNativeTarget "ChatGPTTests" */;
			buildPhases = (
				1E53D4A914B61B2CB74988E2 /* [CP] Check Pods Manifest.lock */,
				0B45223629865F7C000EC56B /* Sources */,
				0B45223729865F7C000EC56B /* Frameworks */,
				0B45223829865F7C000EC56B /* Resources */,
			);
			buildRules = (
			);
			dependencies = (
				0B45223C29865F7C000EC56B /* PBXTargetDependency */,
			);
			name = ChatGPTTests;
			productName = ChatGPTTests;
			productReference = 0B45223A29865F7C000EC56B /* ChatGPTTests.xctest */;
			productType = "com.apple.product-type.bundle.unit-test";
		};
		0B45224329865F7C000EC56B /* ChatGPTUITests */ = {
			isa = PBXNativeTarget;
			buildConfigurationList = 0B45225429865F7C000EC56B /* Build configuration list for PBXNativeTarget "ChatGPTUITests" */;
			buildPhases = (
				355D2D16C8E1F2909BF33EBC /* [CP] Check Pods Manifest.lock */,
				0B45224029865F7C000EC56B /* Sources */,
				0B45224129865F7C000EC56B /* Frameworks */,
				0B45224229865F7C000EC56B /* Resources */,
				C6351E382A7A931294006741 /* [CP] Embed Pods Frameworks */,
			);
			buildRules = (
			);
			dependencies = (
				0B45224629865F7C000EC56B /* PBXTargetDependency */,
			);
			name = ChatGPTUITests;
			productName = ChatGPTUITests;
			productReference = 0B45224429865F7C000EC56B /* ChatGPTUITests.xctest */;
			productType = "com.apple.product-type.bundle.ui-testing";
		};
/* End PBXNativeTarget section */

/* Begin PBXProject section */
		0B45221C29865F78000EC56B /* Project object */ = {
			isa = PBXProject;
			attributes = {
				BuildIndependentTargetsInParallel = 1;
				LastSwiftUpdateCheck = 1420;
				LastUpgradeCheck = 1420;
				TargetAttributes = {
					0B45222329865F78000EC56B = {
						CreatedOnToolsVersion = 14.2;
					};
					0B45223929865F7C000EC56B = {
						CreatedOnToolsVersion = 14.2;
						TestTargetID = 0B45222329865F78000EC56B;
					};
					0B45224329865F7C000EC56B = {
						CreatedOnToolsVersion = 14.2;
						TestTargetID = 0B45222329865F78000EC56B;
					};
				};
			};
			buildConfigurationList = 0B45221F29865F78000EC56B /* Build configuration list for PBXProject "ChatGPT" */;
			compatibilityVersion = "Xcode 14.0";
			developmentRegion = en;
			hasScannedForEncodings = 0;
			knownRegions = (
				en,
				Base,
			);
			mainGroup = 0B45221B29865F78000EC56B;
			productRefGroup = 0B45222529865F78000EC56B /* Products */;
			projectDirPath = "";
			projectRoot = "";
			targets = (
				0B45222329865F78000EC56B /* ChatGPT */,
				0B45223929865F7C000EC56B /* ChatGPTTests */,
				0B45224329865F7C000EC56B /* ChatGPTUITests */,
			);
		};
/* End PBXProject section */

/* Begin PBXResourcesBuildPhase section */
		0B45222229865F78000EC56B /* Resources */ = {
			isa = PBXResourcesBuildPhase;
			buildActionMask = 2147483647;
			files = (
				0B45223429865F7B000EC56B /* LaunchScreen.storyboard in Resources */,
				0B45223129865F7B000EC56B /* Assets.xcassets in Resources */,
				0B45222F29865F78000EC56B /* Main.storyboard in Resources */,
			);
			runOnlyForDeploymentPostprocessing = 0;
		};
		0B45223829865F7C000EC56B /* Resources */ = {
			isa = PBXResourcesBuildPhase;
			buildActionMask = 2147483647;
			files = (
			);
			runOnlyForDeploymentPostprocessing = 0;
		};
		0B45224229865F7C000EC56B /* Resources */ = {
			isa = PBXResourcesBuildPhase;
			buildActionMask = 2147483647;
			files = (
			);
			runOnlyForDeploymentPostprocessing = 0;
		};
/* End PBXResourcesBuildPhase section */

/* Begin PBXShellScriptBuildPhase section */
		1E53D4A914B61B2CB74988E2 /* [CP] Check Pods Manifest.lock */ = {
			isa = PBXShellScriptBuildPhase;
			buildActionMask = 2147483647;
			files = (
			);
			inputFileListPaths = (
			);
			inputPaths = (
				"${PODS_PODFILE_DIR_PATH}/Podfile.lock",
				"${PODS_ROOT}/Manifest.lock",
			);
			name = "[CP] Check Pods Manifest.lock";
			outputFileListPaths = (
			);
			outputPaths = (
				"$(DERIVED_FILE_DIR)/Pods-ChatGPTTests-checkManifestLockResult.txt",
			);
			runOnlyForDeploymentPostprocessing = 0;
			shellPath = /bin/sh;
			shellScript = "diff \"${PODS_PODFILE_DIR_PATH}/Podfile.lock\" \"${PODS_ROOT}/Manifest.lock\" > /dev/null\nif [ $? != 0 ] ; then\n    # print error to STDERR\n    echo \"error: The sandbox is not in sync with the Podfile.lock. Run 'pod install' or update your CocoaPods installation.\" >&2\n    exit 1\nfi\n# This output is used by Xcode 'outputs' to avoid re-running this script phase.\necho \"SUCCESS\" > \"${SCRIPT_OUTPUT_FILE_0}\"\n";
			showEnvVarsInLog = 0;
		};
		355D2D16C8E1F2909BF33EBC /* [CP] Check Pods Manifest.lock */ = {
			isa = PBXShellScriptBuildPhase;
			buildActionMask = 2147483647;
			files = (
			);
			inputFileListPaths = (
			);
			inputPaths = (
				"${PODS_PODFILE_DIR_PATH}/Podfile.lock",
				"${PODS_ROOT}/Manifest.lock",
			);
			name = "[CP] Check Pods Manifest.lock";
			outputFileListPaths = (
			);
			outputPaths = (
				"$(DERIVED_FILE_DIR)/Pods-ChatGPT-ChatGPTUITests-checkManifestLockResult.txt",
			);
			runOnlyForDeploymentPostprocessing = 0;
			shellPath = /bin/sh;
			shellScript = "diff \"${PODS_PODFILE_DIR_PATH}/Podfile.lock\" \"${PODS_ROOT}/Manifest.lock\" > /dev/null\nif [ $? != 0 ] ; then\n    # print error to STDERR\n    echo \"error: The sandbox is not in sync with the Podfile.lock. Run 'pod install' or update your CocoaPods installation.\" >&2\n    exit 1\nfi\n# This output is used by Xcode 'outputs' to avoid re-running this script phase.\necho \"SUCCESS\" > \"${SCRIPT_OUTPUT_FILE_0}\"\n";
			showEnvVarsInLog = 0;
		};
		4F86D877AC240F9DE3661AFF /* [CP] Check Pods Manifest.lock */ = {
			isa = PBXShellScriptBuildPhase;
			buildActionMask = 2147483647;
			files = (
			);
			inputFileListPaths = (
			);
			inputPaths = (
				"${PODS_PODFILE_DIR_PATH}/Podfile.lock",
				"${PODS_ROOT}/Manifest.lock",
			);
			name = "[CP] Check Pods Manifest.lock";
			outputFileListPaths = (
			);
			outputPaths = (
				"$(DERIVED_FILE_DIR)/Pods-ChatGPT-checkManifestLockResult.txt",
			);
			runOnlyForDeploymentPostprocessing = 0;
			shellPath = /bin/sh;
			shellScript = "diff \"${PODS_PODFILE_DIR_PATH}/Podfile.lock\" \"${PODS_ROOT}/Manifest.lock\" > /dev/null\nif [ $? != 0 ] ; then\n    # print error to STDERR\n    echo \"error: The sandbox is not in sync with the Podfile.lock. Run 'pod install' or update your CocoaPods installation.\" >&2\n    exit 1\nfi\n# This output is used by Xcode 'outputs' to avoid re-running this script phase.\necho \"SUCCESS\" > \"${SCRIPT_OUTPUT_FILE_0}\"\n";
			showEnvVarsInLog = 0;
		};
		C6351E382A7A931294006741 /* [CP] Embed Pods Frameworks */ = {
			isa = PBXShellScriptBuildPhase;
			buildActionMask = 2147483647;
			files = (
			);
			inputFileListPaths = (
				"${PODS_ROOT}/Target Support Files/Pods-ChatGPT-ChatGPTUITests/Pods-ChatGPT-ChatGPTUITests-frameworks-${CONFIGURATION}-input-files.xcfilelist",
			);
			name = "[CP] Embed Pods Frameworks";
			outputFileListPaths = (
				"${PODS_ROOT}/Target Support Files/Pods-ChatGPT-ChatGPTUITests/Pods-ChatGPT-ChatGPTUITests-frameworks-${CONFIGURATION}-output-files.xcfilelist",
			);
			runOnlyForDeploymentPostprocessing = 0;
			shellPath = /bin/sh;
			shellScript = "\"${PODS_ROOT}/Target Support Files/Pods-ChatGPT-ChatGPTUITests/Pods-ChatGPT-ChatGPTUITests-frameworks.sh\"\n";
			showEnvVarsInLog = 0;
		};
		CFA584C570EEBDAD47201B82 /* [CP] Embed Pods Frameworks */ = {
			isa = PBXShellScriptBuildPhase;
			buildActionMask = 2147483647;
			files = (
			);
			inputFileListPaths = (
				"${PODS_ROOT}/Target Support Files/Pods-ChatGPT/Pods-ChatGPT-frameworks-${CONFIGURATION}-input-files.xcfilelist",
			);
			name = "[CP] Embed Pods Frameworks";
			outputFileListPaths = (
				"${PODS_ROOT}/Target Support Files/Pods-ChatGPT/Pods-ChatGPT-frameworks-${CONFIGURATION}-output-files.xcfilelist",
			);
			runOnlyForDeploymentPostprocessing = 0;
			shellPath = /bin/sh;
			shellScript = "\"${PODS_ROOT}/Target Support Files/Pods-ChatGPT/Pods-ChatGPT-frameworks.sh\"\n";
			showEnvVarsInLog = 0;
		};
/* End PBXShellScriptBuildPhase section */

/* Begin PBXSourcesBuildPhase section */
		0B45222029865F78000EC56B /* Sources */ = {
			isa = PBXSourcesBuildPhase;
			buildActionMask = 2147483647;
			files = (
				0B45226629868695000EC56B /* APChatModel.swift in Sources */,
				0B452259298683C3000EC56B /* APGPTModel.swift in Sources */,
				0B45226A29868C17000EC56B /* CustomChatCell.swift in Sources */,
				0B45226929868C17000EC56B /* CustomChatCellLayout.swift in Sources */,
				0B452263298685F9000EC56B /* APExtension+UITableViewCell.swift in Sources */,
				0B45222C29865F78000EC56B /* APChatViewController.swift in Sources */,
				0B45222829865F78000EC56B /* AppDelegate.swift in Sources */,
				0B45222A29865F78000EC56B /* SceneDelegate.swift in Sources */,
			);
			runOnlyForDeploymentPostprocessing = 0;
		};
		0B45223629865F7C000EC56B /* Sources */ = {
			isa = PBXSourcesBuildPhase;
			buildActionMask = 2147483647;
			files = (
				0B45223F29865F7C000EC56B /* ChatGPTTests.swift in Sources */,
			);
			runOnlyForDeploymentPostprocessing = 0;
		};
		0B45224029865F7C000EC56B /* Sources */ = {
			isa = PBXSourcesBuildPhase;
			buildActionMask = 2147483647;
			files = (
				0B45224B29865F7C000EC56B /* ChatGPTUITestsLaunchTests.swift in Sources */,
				0B45224929865F7C000EC56B /* ChatGPTUITests.swift in Sources */,
			);
			runOnlyForDeploymentPostprocessing = 0;
		};
/* End PBXSourcesBuildPhase section */

/* Begin PBXTargetDependency section */
		0B45223C29865F7C000EC56B /* PBXTargetDependency */ = {
			isa = PBXTargetDependency;
			target = 0B45222329865F78000EC56B /* ChatGPT */;
			targetProxy = 0B45223B29865F7C000EC56B /* PBXContainerItemProxy */;
		};
		0B45224629865F7C000EC56B /* PBXTargetDependency */ = {
			isa = PBXTargetDependency;
			target = 0B45222329865F78000EC56B /* ChatGPT */;
			targetProxy = 0B45224529865F7C000EC56B /* PBXContainerItemProxy */;
		};
/* End PBXTargetDependency section */

/* Begin PBXVariantGroup section */
		0B45222D29865F78000EC56B /* Main.storyboard */ = {
			isa = PBXVariantGroup;
			children = (
				0B45222E29865F78000EC56B /* Base */,
			);
			name = Main.storyboard;
			sourceTree = "<group>";
		};
		0B45223229865F7B000EC56B /* LaunchScreen.storyboard */ = {
			isa = PBXVariantGroup;
			children = (
				0B45223329865F7B000EC56B /* Base */,
			);
			name = LaunchScreen.storyboard;
			sourceTree = "<group>";
		};
/* End PBXVariantGroup section */

/* Begin XCBuildConfiguration section */
		0B45224C29865F7C000EC56B /* Debug */ = {
			isa = XCBuildConfiguration;
			buildSettings = {
				ALWAYS_SEARCH_USER_PATHS = NO;
				CLANG_ANALYZER_NONNULL = YES;
				CLANG_ANALYZER_NUMBER_OBJECT_CONVERSION = YES_AGGRESSIVE;
				CLANG_CXX_LANGUAGE_STANDARD = "gnu++20";
				CLANG_ENABLE_MODULES = YES;
				CLANG_ENABLE_OBJC_ARC = YES;
				CLANG_ENABLE_OBJC_WEAK = YES;
				CLANG_WARN_BLOCK_CAPTURE_AUTORELEASING = YES;
				CLANG_WARN_BOOL_CONVERSION = YES;
				CLANG_WARN_COMMA = YES;
				CLANG_WARN_CONSTANT_CONVERSION = YES;
				CLANG_WARN_DEPRECATED_OBJC_IMPLEMENTATIONS = YES;
				CLANG_WARN_DIRECT_OBJC_ISA_USAGE = YES_ERROR;
				CLANG_WARN_DOCUMENTATION_COMMENTS = YES;
				CLANG_WARN_EMPTY_BODY = YES;
				CLANG_WARN_ENUM_CONVERSION = YES;
				CLANG_WARN_INFINITE_RECURSION = YES;
				CLANG_WARN_INT_CONVERSION = YES;
				CLANG_WARN_NON_LITERAL_NULL_CONVERSION = YES;
				CLANG_WARN_OBJC_IMPLICIT_RETAIN_SELF = YES;
				CLANG_WARN_OBJC_LITERAL_CONVERSION = YES;
				CLANG_WARN_OBJC_ROOT_CLASS = YES_ERROR;
				CLANG_WARN_QUOTED_INCLUDE_IN_FRAMEWORK_HEADER = YES;
				CLANG_WARN_RANGE_LOOP_ANALYSIS = YES;
				CLANG_WARN_STRICT_PROTOTYPES = YES;
				CLANG_WARN_SUSPICIOUS_MOVE = YES;
				CLANG_WARN_UNGUARDED_AVAILABILITY = YES_AGGRESSIVE;
				CLANG_WARN_UNREACHABLE_CODE = YES;
				CLANG_WARN__DUPLICATE_METHOD_MATCH = YES;
				COPY_PHASE_STRIP = NO;
				DEBUG_INFORMATION_FORMAT = dwarf;
				ENABLE_STRICT_OBJC_MSGSEND = YES;
				ENABLE_TESTABILITY = YES;
				GCC_C_LANGUAGE_STANDARD = gnu11;
				GCC_DYNAMIC_NO_PIC = NO;
				GCC_NO_COMMON_BLOCKS = YES;
				GCC_OPTIMIZATION_LEVEL = 0;
				GCC_PREPROCESSOR_DEFINITIONS = (
					"DEBUG=1",
					"$(inherited)",
				);
				GCC_WARN_64_TO_32_BIT_CONVERSION = YES;
				GCC_WARN_ABOUT_RETURN_TYPE = YES_ERROR;
				GCC_WARN_UNDECLARED_SELECTOR = YES;
				GCC_WARN_UNINITIALIZED_AUTOS = YES_AGGRESSIVE;
				GCC_WARN_UNUSED_FUNCTION = YES;
				GCC_WARN_UNUSED_VARIABLE = YES;
				IPHONEOS_DEPLOYMENT_TARGET = 16.2;
				MTL_ENABLE_DEBUG_INFO = INCLUDE_SOURCE;
				MTL_FAST_MATH = YES;
				ONLY_ACTIVE_ARCH = YES;
				SDKROOT = iphoneos;
				SWIFT_ACTIVE_COMPILATION_CONDITIONS = DEBUG;
				SWIFT_OPTIMIZATION_LEVEL = "-Onone";
			};
			name = Debug;
		};
		0B45224D29865F7C000EC56B /* Release */ = {
			isa = XCBuildConfiguration;
			buildSettings = {
				ALWAYS_SEARCH_USER_PATHS = NO;
				CLANG_ANALYZER_NONNULL = YES;
				CLANG_ANALYZER_NUMBER_OBJECT_CONVERSION = YES_AGGRESSIVE;
				CLANG_CXX_LANGUAGE_STANDARD = "gnu++20";
				CLANG_ENABLE_MODULES = YES;
				CLANG_ENABLE_OBJC_ARC = YES;
				CLANG_ENABLE_OBJC_WEAK = YES;
				CLANG_WARN_BLOCK_CAPTURE_AUTORELEASING = YES;
				CLANG_WARN_BOOL_CONVERSION = YES;
				CLANG_WARN_COMMA = YES;
				CLANG_WARN_CONSTANT_CONVERSION = YES;
				CLANG_WARN_DEPRECATED_OBJC_IMPLEMENTATIONS = YES;
				CLANG_WARN_DIRECT_OBJC_ISA_USAGE = YES_ERROR;
				CLANG_WARN_DOCUMENTATION_COMMENTS = YES;
				CLANG_WARN_EMPTY_BODY = YES;
				CLANG_WARN_ENUM_CONVERSION = YES;
				CLANG_WARN_INFINITE_RECURSION = YES;
				CLANG_WARN_INT_CONVERSION = YES;
				CLANG_WARN_NON_LITERAL_NULL_CONVERSION = YES;
				CLANG_WARN_OBJC_IMPLICIT_RETAIN_SELF = YES;
				CLANG_WARN_OBJC_LITERAL_CONVERSION = YES;
				CLANG_WARN_OBJC_ROOT_CLASS = YES_ERROR;
				CLANG_WARN_QUOTED_INCLUDE_IN_FRAMEWORK_HEADER = YES;
				CLANG_WARN_RANGE_LOOP_ANALYSIS = YES;
				CLANG_WARN_STRICT_PROTOTYPES = YES;
				CLANG_WARN_SUSPICIOUS_MOVE = YES;
				CLANG_WARN_UNGUARDED_AVAILABILITY = YES_AGGRESSIVE;
				CLANG_WARN_UNREACHABLE_CODE = YES;
				CLANG_WARN__DUPLICATE_METHOD_MATCH = YES;
				COPY_PHASE_STRIP = NO;
				DEBUG_INFORMATION_FORMAT = "dwarf-with-dsym";
				ENABLE_NS_ASSERTIONS = NO;
				ENABLE_STRICT_OBJC_MSGSEND = YES;
				GCC_C_LANGUAGE_STANDARD = gnu11;
				GCC_NO_COMMON_BLOCKS = YES;
				GCC_WARN_64_TO_32_BIT_CONVERSION = YES;
				GCC_WARN_ABOUT_RETURN_TYPE = YES_ERROR;
				GCC_WARN_UNDECLARED_SELECTOR = YES;
				GCC_WARN_UNINITIALIZED_AUTOS = YES_AGGRESSIVE;
				GCC_WARN_UNUSED_FUNCTION = YES;
				GCC_WARN_UNUSED_VARIABLE = YES;
				IPHONEOS_DEPLOYMENT_TARGET = 16.2;
				MTL_ENABLE_DEBUG_INFO = NO;
				MTL_FAST_MATH = YES;
				SDKROOT = iphoneos;
				SWIFT_COMPILATION_MODE = wholemodule;
				SWIFT_OPTIMIZATION_LEVEL = "-O";
				VALIDATE_PRODUCT = YES;
			};
			name = Release;
		};
		0B45224F29865F7C000EC56B /* Debug */ = {
			isa = XCBuildConfiguration;
			baseConfigurationReference = E998EB68174ADC4931FE74E4 /* Pods-ChatGPT.debug.xcconfig */;
			buildSettings = {
				ASSETCATALOG_COMPILER_APPICON_NAME = AppIcon;
				ASSETCATALOG_COMPILER_GLOBAL_ACCENT_COLOR_NAME = AccentColor;
				CODE_SIGN_STYLE = Automatic;
				CURRENT_PROJECT_VERSION = 1;
				DEVELOPMENT_TEAM = 7RR73CT43V;
				GENERATE_INFOPLIST_FILE = YES;
				INFOPLIST_FILE = ChatGPT/Info.plist;
				INFOPLIST_KEY_UIApplicationSupportsIndirectInputEvents = YES;
				INFOPLIST_KEY_UILaunchStoryboardName = LaunchScreen;
				INFOPLIST_KEY_UIMainStoryboardFile = Main;
				INFOPLIST_KEY_UISupportedInterfaceOrientations_iPad = "UIInterfaceOrientationPortrait UIInterfaceOrientationPortraitUpsideDown UIInterfaceOrientationLandscapeLeft UIInterfaceOrientationLandscapeRight";
				INFOPLIST_KEY_UISupportedInterfaceOrientations_iPhone = "UIInterfaceOrientationPortrait UIInterfaceOrientationLandscapeLeft UIInterfaceOrientationLandscapeRight";
				IPHONEOS_DEPLOYMENT_TARGET = 15.0;
				LD_RUNPATH_SEARCH_PATHS = (
					"$(inherited)",
					"@executable_path/Frameworks",
				);
				MARKETING_VERSION = 1.0;
				PRODUCT_BUNDLE_IDENTIFIER = com.app.ChatGPT;
				PRODUCT_NAME = "$(TARGET_NAME)";
				SWIFT_EMIT_LOC_STRINGS = YES;
				SWIFT_VERSION = 5.0;
				TARGETED_DEVICE_FAMILY = "1,2";
			};
			name = Debug;
		};
		0B45225029865F7C000EC56B /* Release */ = {
			isa = XCBuildConfiguration;
			baseConfigurationReference = A96F51EC0E81D4323A802A60 /* Pods-ChatGPT.release.xcconfig */;
			buildSettings = {
				ASSETCATALOG_COMPILER_APPICON_NAME = AppIcon;
				ASSETCATALOG_COMPILER_GLOBAL_ACCENT_COLOR_NAME = AccentColor;
				CODE_SIGN_STYLE = Automatic;
				CURRENT_PROJECT_VERSION = 1;
				DEVELOPMENT_TEAM = 7RR73CT43V;
				GENERATE_INFOPLIST_FILE = YES;
				INFOPLIST_FILE = ChatGPT/Info.plist;
				INFOPLIST_KEY_UIApplicationSupportsIndirectInputEvents = YES;
				INFOPLIST_KEY_UILaunchStoryboardName = LaunchScreen;
				INFOPLIST_KEY_UIMainStoryboardFile = Main;
				INFOPLIST_KEY_UISupportedInterfaceOrientations_iPad = "UIInterfaceOrientationPortrait UIInterfaceOrientationPortraitUpsideDown UIInterfaceOrientationLandscapeLeft UIInterfaceOrientationLandscapeRight";
				INFOPLIST_KEY_UISupportedInterfaceOrientations_iPhone = "UIInterfaceOrientationPortrait UIInterfaceOrientationLandscapeLeft UIInterfaceOrientationLandscapeRight";
				IPHONEOS_DEPLOYMENT_TARGET = 15.0;
				LD_RUNPATH_SEARCH_PATHS = (
					"$(inherited)",
					"@executable_path/Frameworks",
				);
				MARKETING_VERSION = 1.0;
				PRODUCT_BUNDLE_IDENTIFIER = com.app.ChatGPT;
				PRODUCT_NAME = "$(TARGET_NAME)";
				SWIFT_EMIT_LOC_STRINGS = YES;
				SWIFT_VERSION = 5.0;
				TARGETED_DEVICE_FAMILY = "1,2";
			};
			name = Release;
		};
		0B45225229865F7C000EC56B /* Debug */ = {
			isa = XCBuildConfiguration;
			baseConfigurationReference = D6EDD7B8C3870B56F0B10720 /* Pods-ChatGPTTests.debug.xcconfig */;
			buildSettings = {
				ALWAYS_EMBED_SWIFT_STANDARD_LIBRARIES = YES;
				BUNDLE_LOADER = "$(TEST_HOST)";
				CODE_SIGN_STYLE = Automatic;
				CURRENT_PROJECT_VERSION = 1;
				DEVELOPMENT_TEAM = 7RR73CT43V;
				GENERATE_INFOPLIST_FILE = YES;
				IPHONEOS_DEPLOYMENT_TARGET = 16.2;
				MARKETING_VERSION = 1.0;
				PRODUCT_BUNDLE_IDENTIFIER = com.app.ChatGPTTests;
				PRODUCT_NAME = "$(TARGET_NAME)";
				SWIFT_EMIT_LOC_STRINGS = NO;
				SWIFT_VERSION = 5.0;
				TARGETED_DEVICE_FAMILY = "1,2";
				TEST_HOST = "$(BUILT_PRODUCTS_DIR)/ChatGPT.app/$(BUNDLE_EXECUTABLE_FOLDER_PATH)/ChatGPT";
			};
			name = Debug;
		};
		0B45225329865F7C000EC56B /* Release */ = {
			isa = XCBuildConfiguration;
			baseConfigurationReference = 17F45759A9817937CFDE648D /* Pods-ChatGPTTests.release.xcconfig */;
			buildSettings = {
				ALWAYS_EMBED_SWIFT_STANDARD_LIBRARIES = YES;
				BUNDLE_LOADER = "$(TEST_HOST)";
				CODE_SIGN_STYLE = Automatic;
				CURRENT_PROJECT_VERSION = 1;
				DEVELOPMENT_TEAM = 7RR73CT43V;
				GENERATE_INFOPLIST_FILE = YES;
				IPHONEOS_DEPLOYMENT_TARGET = 16.2;
				MARKETING_VERSION = 1.0;
				PRODUCT_BUNDLE_IDENTIFIER = com.app.ChatGPTTests;
				PRODUCT_NAME = "$(TARGET_NAME)";
				SWIFT_EMIT_LOC_STRINGS = NO;
				SWIFT_VERSION = 5.0;
				TARGETED_DEVICE_FAMILY = "1,2";
				TEST_HOST = "$(BUILT_PRODUCTS_DIR)/ChatGPT.app/$(BUNDLE_EXECUTABLE_FOLDER_PATH)/ChatGPT";
			};
			name = Release;
		};
		0B45225529865F7C000EC56B /* Debug */ = {
			isa = XCBuildConfiguration;
			baseConfigurationReference = 6507D94878D14F5341B67536 /* Pods-ChatGPT-ChatGPTUITests.debug.xcconfig */;
			buildSettings = {
				ALWAYS_EMBED_SWIFT_STANDARD_LIBRARIES = YES;
				CODE_SIGN_STYLE = Automatic;
				CURRENT_PROJECT_VERSION = 1;
				DEVELOPMENT_TEAM = 7RR73CT43V;
				GENERATE_INFOPLIST_FILE = YES;
				MARKETING_VERSION = 1.0;
				PRODUCT_BUNDLE_IDENTIFIER = com.app.ChatGPTUITests;
				PRODUCT_NAME = "$(TARGET_NAME)";
				SWIFT_EMIT_LOC_STRINGS = NO;
				SWIFT_VERSION = 5.0;
				TARGETED_DEVICE_FAMILY = "1,2";
				TEST_TARGET_NAME = ChatGPT;
			};
			name = Debug;
		};
		0B45225629865F7C000EC56B /* Release */ = {
			isa = XCBuildConfiguration;
			baseConfigurationReference = 5C85BE4A3A6E143F66629E67 /* Pods-ChatGPT-ChatGPTUITests.release.xcconfig */;
			buildSettings = {
				ALWAYS_EMBED_SWIFT_STANDARD_LIBRARIES = YES;
				CODE_SIGN_STYLE = Automatic;
				CURRENT_PROJECT_VERSION = 1;
				DEVELOPMENT_TEAM = 7RR73CT43V;
				GENERATE_INFOPLIST_FILE = YES;
				MARKETING_VERSION = 1.0;
				PRODUCT_BUNDLE_IDENTIFIER = com.app.ChatGPTUITests;
				PRODUCT_NAME = "$(TARGET_NAME)";
				SWIFT_EMIT_LOC_STRINGS = NO;
				SWIFT_VERSION = 5.0;
				TARGETED_DEVICE_FAMILY = "1,2";
				TEST_TARGET_NAME = ChatGPT;
			};
			name = Release;
		};
/* End XCBuildConfiguration section */

/* Begin XCConfigurationList section */
		0B45221F29865F78000EC56B /* Build configuration list for PBXProject "ChatGPT" */ = {
			isa = XCConfigurationList;
			buildConfigurations = (
				0B45224C29865F7C000EC56B /* Debug */,
				0B45224D29865F7C000EC56B /* Release */,
			);
			defaultConfigurationIsVisible = 0;
			defaultConfigurationName = Release;
		};
		0B45224E29865F7C000EC56B /* Build configuration list for PBXNativeTarget "ChatGPT" */ = {
			isa = XCConfigurationList;
			buildConfigurations = (
				0B45224F29865F7C000EC56B /* Debug */,
				0B45225029865F7C000EC56B /* Release */,
			);
			defaultConfigurationIsVisible = 0;
			defaultConfigurationName = Release;
		};
		0B45225129865F7C000EC56B /* Build configuration list for PBXNativeTarget "ChatGPTTests" */ = {
			isa = XCConfigurationList;
			buildConfigurations = (
				0B45225229865F7C000EC56B /* Debug */,
				0B45225329865F7C000EC56B /* Release */,
			);
			defaultConfigurationIsVisible = 0;
			defaultConfigurationName = Release;
		};
		0B45225429865F7C000EC56B /* Build configuration list for PBXNativeTarget "ChatGPTUITests" */ = {
			isa = XCConfigurationList;
			buildConfigurations = (
				0B45225529865F7C000EC56B /* Debug */,
				0B45225629865F7C000EC56B /* Release */,
			);
			defaultConfigurationIsVisible = 0;
			defaultConfigurationName = Release;
		};
/* End XCConfigurationList section */
	};
	rootObject = 0B45221C29865F78000EC56B /* Project object */;
}
